version = 1
revision = 2
requires-python = ">=3.13"

[[package]]
name = "brphoto-metadata-tools"
version = "1.0.0"
source = { editable = "." }
dependencies = [
    { name = "click" },
    { name = "pyexiftool" },
]

[package.dev-dependencies]
dev = [
    { name = "pip-licenses" },
]

[package.metadata]
requires-dist = [
    { name = "click", specifier = ">=8.2.1" },
    { name = "pyexiftool", specifier = ">=0.5.6" },
]

[package.metadata.requires-dev]
dev = [{ name = "pip-licenses", specifier = ">=5.0.0" }]

[[package]]
name = "click"
version = "8.2.1"
source = { registry = "https://pypi.org/simple" }
dependencies = [
    { name = "colorama", marker = "sys_platform == 'win32'" },
]
sdist = { url = "https://files.pythonhosted.org/packages/60/6c/8ca2efa64cf75a977a0d7fac081354553ebe483345c734fb6b6515d96bbc/click-8.2.1.tar.gz", hash = "sha256:27c491cc05d968d271d5a1db13e3b5a184636d9d930f148c50b038f0d0646202", size = 286342, upload-time = "2025-05-20T23:19:49.832Z" }
wheels = [
    { url = "https://files.pythonhosted.org/packages/85/32/10bb5764d90a8eee674e9dc6f4db6a0ab47c8c4d0d83c27f7c39ac415a4d/click-8.2.1-py3-none-any.whl", hash = "sha256:61a3265b914e850b85317d0b3109c7f8cd35a670f963866005d6ef1d5175a12b", size = 102215, upload-time = "2025-05-20T23:19:47.796Z" },
]

[[package]]
name = "colorama"
version = "0.4.6"
source = { registry = "https://pypi.org/simple" }
sdist = { url = "https://files.pythonhosted.org/packages/d8/53/6f443c9a4a8358a93a6792e2acffb9d9d5cb0a5cfd8802644b7b1c9a02e4/colorama-0.4.6.tar.gz", hash = "sha256:08695f5cb7ed6e0531a20572697297273c47b8cae5a63ffc6d6ed5c201be6e44", size = 27697, upload-time = "2022-10-25T02:36:22.414Z" }
wheels = [
    { url = "https://files.pythonhosted.org/packages/d1/d6/3965ed04c63042e047cb6a3e6ed1a63a35087b6a609aa3a15ed8ac56c221/colorama-0.4.6-py2.py3-none-any.whl", hash = "sha256:4f1d9991f5acc0ca119f9d443620b77f9d6b33703e51011c16baf57afb285fc6", size = 25335, upload-time = "2022-10-25T02:36:20.889Z" },
]

[[package]]
name = "pip-licenses"
version = "5.0.0"
source = { registry = "https://pypi.org/simple" }
dependencies = [
    { name = "prettytable" },
    { name = "tomli" },
]
sdist = { url = "https://files.pythonhosted.org/packages/a0/49/d36a3ddb73d22970a35afa3e9fd53c8318150f8122e4257ca9875f1d4e38/pip_licenses-5.0.0.tar.gz", hash = "sha256:0633a1f9aab58e5a6216931b0e1d5cdded8bcc2709ff563674eb0e2ff9e77e8e", size = 41542, upload-time = "2024-07-23T10:48:29.785Z" }
wheels = [
    { url = "https://files.pythonhosted.org/packages/27/0a/bfaf1479d09d19f503a669d9c8e433ac59ae687fb8da1d8207eb85c5a9f4/pip_licenses-5.0.0-py3-none-any.whl", hash = "sha256:82c83666753efb86d1af1c405c8ab273413eb10d6689c218df2f09acf40e477d", size = 20497, upload-time = "2024-07-23T10:48:27.59Z" },
]

[[package]]
name = "prettytable"
version = "3.16.0"
source = { registry = "https://pypi.org/simple" }
dependencies = [
    { name = "wcwidth" },
]
sdist = { url = "https://files.pythonhosted.org/packages/99/b1/85e18ac92afd08c533603e3393977b6bc1443043115a47bb094f3b98f94f/prettytable-3.16.0.tar.gz", hash = "sha256:3c64b31719d961bf69c9a7e03d0c1e477320906a98da63952bc6698d6164ff57", size = 66276, upload-time = "2025-03-24T19:39:04.008Z" }
wheels = [
    { url = "https://files.pythonhosted.org/packages/02/c7/5613524e606ea1688b3bdbf48aa64bafb6d0a4ac3750274c43b6158a390f/prettytable-3.16.0-py3-none-any.whl", hash = "sha256:b5eccfabb82222f5aa46b798ff02a8452cf530a352c31bddfa29be41242863aa", size = 33863, upload-time = "2025-03-24T19:39:02.359Z" },
]

[[package]]
name = "pyexiftool"
version = "0.5.6"
source = { registry = "https://pypi.org/simple" }
sdist = { url = "https://files.pythonhosted.org/packages/5e/48/406da6691d15abf3c8d399bce8bc588709a5b54e857fd7c22dad2f90c33c/PyExifTool-0.5.6.tar.gz", hash = "sha256:22a972c1c212d1ad5f61916fded5057333dcc48fb8e42eed12d2ff9665b367ae", size = 56365, upload-time = "2023-10-22T23:18:18.819Z" }
wheels = [
    { url = "https://files.pythonhosted.org/packages/fc/b9/175e9a1f8f3f94b22f622f0fcac853ae2c43cb4ac6034f849269c6086dac/PyExifTool-0.5.6-py3-none-any.whl", hash = "sha256:ac7d7836d2bf373f20aa558528f6b2222c4c0d896ed28c951a3ff8e6cec05a87", size = 51243, upload-time = "2023-10-22T23:18:16.614Z" },
]

[[package]]
name = "tomli"
version = "2.2.1"
source = { registry = "https://pypi.org/simple" }
sdist = { url = "https://files.pythonhosted.org/packages/18/87/302344fed471e44a87289cf4967697d07e532f2421fdaf868a303cbae4ff/tomli-2.2.1.tar.gz", hash = "sha256:cd45e1dc79c835ce60f7404ec8119f2eb06d38b1deba146f07ced3bbc44505ff", size = 17175, upload-time = "2024-11-27T22:38:36.873Z" }
wheels = [
    { url = "https://files.pythonhosted.org/packages/04/90/2ee5f2e0362cb8a0b6499dc44f4d7d48f8fff06d28ba46e6f1eaa61a1388/tomli-2.2.1-cp313-cp313-macosx_10_13_x86_64.whl", hash = "sha256:f4039b9cbc3048b2416cc57ab3bda989a6fcf9b36cf8937f01a6e731b64f80d7", size = 132708, upload-time = "2024-11-27T22:38:21.659Z" },
    { url = "https://files.pythonhosted.org/packages/c0/ec/46b4108816de6b385141f082ba99e315501ccd0a2ea23db4a100dd3990ea/tomli-2.2.1-cp313-cp313-macosx_11_0_arm64.whl", hash = "sha256:286f0ca2ffeeb5b9bd4fcc8d6c330534323ec51b2f52da063b11c502da16f30c", size = 123582, upload-time = "2024-11-27T22:38:22.693Z" },
    { url = "https://files.pythonhosted.org/packages/a0/bd/b470466d0137b37b68d24556c38a0cc819e8febe392d5b199dcd7f578365/tomli-2.2.1-cp313-cp313-manylinux_2_17_aarch64.manylinux2014_aarch64.whl", hash = "sha256:a92ef1a44547e894e2a17d24e7557a5e85a9e1d0048b0b5e7541f76c5032cb13", size = 232543, upload-time = "2024-11-27T22:38:24.367Z" },
    { url = "https://files.pythonhosted.org/packages/d9/e5/82e80ff3b751373f7cead2815bcbe2d51c895b3c990686741a8e56ec42ab/tomli-2.2.1-cp313-cp313-manylinux_2_17_x86_64.manylinux2014_x86_64.whl", hash = "sha256:9316dc65bed1684c9a98ee68759ceaed29d229e985297003e494aa825ebb0281", size = 241691, upload-time = "2024-11-27T22:38:26.081Z" },
    { url = "https://files.pythonhosted.org/packages/05/7e/2a110bc2713557d6a1bfb06af23dd01e7dde52b6ee7dadc589868f9abfac/tomli-2.2.1-cp313-cp313-manylinux_2_5_i686.manylinux1_i686.manylinux_2_17_i686.manylinux2014_i686.whl", hash = "sha256:e85e99945e688e32d5a35c1ff38ed0b3f41f43fad8df0bdf79f72b2ba7bc5272", size = 251170, upload-time = "2024-11-27T22:38:27.921Z" },
    { url = "https://files.pythonhosted.org/packages/64/7b/22d713946efe00e0adbcdfd6d1aa119ae03fd0b60ebed51ebb3fa9f5a2e5/tomli-2.2.1-cp313-cp313-musllinux_1_2_aarch64.whl", hash = "sha256:ac065718db92ca818f8d6141b5f66369833d4a80a9d74435a268c52bdfa73140", size = 236530, upload-time = "2024-11-27T22:38:29.591Z" },
    { url = "https://files.pythonhosted.org/packages/38/31/3a76f67da4b0cf37b742ca76beaf819dca0ebef26d78fc794a576e08accf/tomli-2.2.1-cp313-cp313-musllinux_1_2_i686.whl", hash = "sha256:d920f33822747519673ee656a4b6ac33e382eca9d331c87770faa3eef562aeb2", size = 258666, upload-time = "2024-11-27T22:38:30.639Z" },
    { url = "https://files.pythonhosted.org/packages/07/10/5af1293da642aded87e8a988753945d0cf7e00a9452d3911dd3bb354c9e2/tomli-2.2.1-cp313-cp313-musllinux_1_2_x86_64.whl", hash = "sha256:a198f10c4d1b1375d7687bc25294306e551bf1abfa4eace6650070a5c1ae2744", size = 243954, upload-time = "2024-11-27T22:38:31.702Z" },
    { url = "https://files.pythonhosted.org/packages/5b/b9/1ed31d167be802da0fc95020d04cd27b7d7065cc6fbefdd2f9186f60d7bd/tomli-2.2.1-cp313-cp313-win32.whl", hash = "sha256:d3f5614314d758649ab2ab3a62d4f2004c825922f9e370b29416484086b264ec", size = 98724, upload-time = "2024-11-27T22:38:32.837Z" },
    { url = "https://files.pythonhosted.org/packages/c7/32/b0963458706accd9afcfeb867c0f9175a741bf7b19cd424230714d722198/tomli-2.2.1-cp313-cp313-win_amd64.whl", hash = "sha256:a38aa0308e754b0e3c67e344754dff64999ff9b513e691d0e786265c93583c69", size = 109383, upload-time = "2024-11-27T22:38:34.455Z" },
    { url = "https://files.pythonhosted.org/packages/6e/c2/61d3e0f47e2b74ef40a68b9e6ad5984f6241a942f7cd3bbfbdbd03861ea9/tomli-2.2.1-py3-none-any.whl", hash = "sha256:cb55c73c5f4408779d0cf3eef9f762b9c9f147a77de7b258bef0a5628adc85cc", size = 14257, upload-time = "2024-11-27T22:38:35.385Z" },
]

[[package]]
name = "wcwidth"
version = "0.2.13"
source = { registry = "https://pypi.org/simple" }
sdist = { url = "https://files.pythonhosted.org/packages/6c/63/53559446a878410fc5a5974feb13d31d78d752eb18aeba59c7fef1af7598/wcwidth-0.2.13.tar.gz", hash = "sha256:72ea0c06399eb286d978fdedb6923a9eb47e1c486ce63e9b4e64fc18303972b5", size = 101301, upload-time = "2024-01-06T02:10:57.829Z" }
wheels = [
    { url = "https://files.pythonhosted.org/packages/fd/84/fd2ba7aafacbad3c4201d395674fc6348826569da3c0937e75505ead3528/wcwidth-0.2.13-py2.py3-none-any.whl", hash = "sha256:3da69048e4540d84af32131829ff948f1e022c1c6bdb8d6102117aac784f6859", size = 34166, upload-time = "2024-01-06T02:10:55.763Z" },
]
